
Microsoft Visual Studio Solution File, Format Version 12.00
# Visual Studio 15
VisualStudioVersion = 15.0.27004.2008
MinimumVisualStudioVersion = 10.0.40219.1
Project("{9A19103F-16F7-4668-BE54-9A1E7A4F7556}") = "MicroBenchmarks", "MicroBenchmarks\MicroBenchmarks.csproj", "{F7614D4F-5B38-4A77-8B78-A994F88C2AA8}"
EndProject
Global
	GlobalSection(SolutionConfigurationPlatforms) = preSolution
		Debug|Any CPU = Debug|Any CPU
		Release|Any CPU = Release|Any CPU
	EndGlobalSection
	GlobalSection(ProjectConfigurationPlatforms) = postSolution
		{F7614D4F-5B38-4A77-8B78-A994F88C2AA8}.Debug|Any CPU.ActiveCfg = Debug|Any CPU
		{F7614D4F-5B38-4A77-8B78-A994F88C2AA8}.Debug|Any CPU.Build.0 = Debug|Any CPU
		{F7614D4F-5B38-4A77-8B78-A994F88C2AA8}.Release|Any CPU.ActiveCfg = Release|Any CPU
		{F7614D4F-5B38-4A77-8B78-A994F88C2AA8}.Release|Any CPU.Build.0 = Release|Any CPU
	EndGlobalSection
	GlobalSection(SolutionProperties) = preSolution
		HideSolutionNode = FALSE
	EndGlobalSection
	GlobalSection(ExtensibilityGlobals) = postSolution
		SolutionGuid = {D242F143-D216-467B-A7A2-C2EF9EF6771D}
	EndGlobalSection
EndGlobal
